// !$*UTF8*$!
{
	archiveVersion = 1;
	classes = {
	};
	objectVersion = 50;
	objects = {

/* Begin PBXBuildFile section */
		BA8BC821230CEC96006EBDEB /* AppDelegate.swift in Sources */ = {isa = PBXBuildFile; fileRef = BA8BC820230CEC96006EBDEB /* AppDelegate.swift */; };
		BA8BC823230CEC96006EBDEB /* HomeController.swift in Sources */ = {isa = PBXBuildFile; fileRef = BA8BC822230CEC96006EBDEB /* HomeController.swift */; };
		BA8BC826230CEC96006EBDEB /* Main.storyboard in Resources */ = {isa = PBXBuildFile; fileRef = BA8BC824230CEC96006EBDEB /* Main.storyboard */; };
		BA8BC828230CEC97006EBDEB /* Assets.xcassets in Resources */ = {isa = PBXBuildFile; fileRef = BA8BC827230CEC97006EBDEB /* Assets.xcassets */; };
		BA8BC82B230CEC97006EBDEB /* LaunchScreen.storyboard in Resources */ = {isa = PBXBuildFile; fileRef = BA8BC829230CEC97006EBDEB /* LaunchScreen.storyboard */; };
		BA8BC834230D1262006EBDEB /* Extensions.swift in Sources */ = {isa = PBXBuildFile; fileRef = BA8BC833230D1262006EBDEB /* Extensions.swift */; };
		BA8BC837230D13F4006EBDEB /* VideoCell.swift in Sources */ = {isa = PBXBuildFile; fileRef = BA8BC836230D13F4006EBDEB /* VideoCell.swift */; };
		BA8BC83B230D22C1006EBDEB /* MenuBar.swift in Sources */ = {isa = PBXBuildFile; fileRef = BA8BC83A230D22C1006EBDEB /* MenuBar.swift */; };
		BA8BC83E230D87AA006EBDEB /* Video.swift in Sources */ = {isa = PBXBuildFile; fileRef = BA8BC83D230D87AA006EBDEB /* Video.swift */; };
/* End PBXBuildFile section */

/* Begin PBXFileReference section */
		BA8BC81D230CEC96006EBDEB /* Youtube.app */ = {isa = PBXFileReference; explicitFileType = wrapper.application; includeInIndex = 0; path = Youtube.app; sourceTree = BUILT_PRODUCTS_DIR; };
		BA8BC820230CEC96006EBDEB /* AppDelegate.swift */ = {isa = PBXFileReference; lastKnownFileType = sourcecode.swift; path = AppDelegate.swift; sourceTree = "<group>"; };
		BA8BC822230CEC96006EBDEB /* HomeController.swift */ = {isa = PBXFileReference; lastKnownFileType = sourcecode.swift; path = HomeController.swift; sourceTree = "<group>"; };
		BA8BC825230CEC96006EBDEB /* Base */ = {isa = PBXFileReference; lastKnownFileType = file.storyboard; name = Base; path = Base.lproj/Main.storyboard; sourceTree = "<group>"; };
		BA8BC827230CEC97006EBDEB /* Assets.xcassets */ = {isa = PBXFileReference; lastKnownFileType = folder.assetcatalog; path = Assets.xcassets; sourceTree = "<group>"; };
		BA8BC82A230CEC97006EBDEB /* Base */ = {isa = PBXFileReference; lastKnownFileType = file.storyboard; name = Base; path = Base.lproj/LaunchScreen.storyboard; sourceTree = "<group>"; };
		BA8BC82C230CEC97006EBDEB /* Info.plist */ = {isa = PBXFileReference; lastKnownFileType = text.plist.xml; path = Info.plist; sourceTree = "<group>"; };
		BA8BC833230D1262006EBDEB /* Extensions.swift */ = {isa = PBXFileReference; lastKnownFileType = sourcecode.swift; path = Extensions.swift; sourceTree = "<group>"; };
		BA8BC836230D13F4006EBDEB /* VideoCell.swift */ = {isa = PBXFileReference; lastKnownFileType = sourcecode.swift; path = VideoCell.swift; sourceTree = "<group>"; };
		BA8BC83A230D22C1006EBDEB /* MenuBar.swift */ = {isa = PBXFileReference; lastKnownFileType = sourcecode.swift; path = MenuBar.swift; sourceTree = "<group>"; };
		BA8BC83D230D87AA006EBDEB /* Video.swift */ = {isa = PBXFileReference; lastKnownFileType = sourcecode.swift; path = Video.swift; sourceTree = "<group>"; };
/* End PBXFileReference section */

/* Begin PBXFrameworksBuildPhase section */
		BA8BC81A230CEC96006EBDEB /* Frameworks */ = {
			isa = PBXFrameworksBuildPhase;
			buildActionMask = 2147483647;
			files = (
			);
			runOnlyForDeploymentPostprocessing = 0;
		};
/* End PBXFrameworksBuildPhase section */

/* Begin PBXGroup section */
		BA8BC814230CEC96006EBDEB = {
			isa = PBXGroup;
			children = (
				BA8BC81F230CEC96006EBDEB /* Youtube */,
				BA8BC81E230CEC96006EBDEB /* Products */,
			);
			sourceTree = "<group>";
		};
		BA8BC81E230CEC96006EBDEB /* Products */ = {
			isa = PBXGroup;
			children = (
				BA8BC81D230CEC96006EBDEB /* Youtube.app */,
			);
			name = Products;
			sourceTree = "<group>";
		};
		BA8BC81F230CEC96006EBDEB /* Youtube */ = {
			isa = PBXGroup;
			children = (
				BA8BC83C230D878D006EBDEB /* Model */,
				BA8BC838230D1424006EBDEB /* Controller */,
				BA8BC835230D13D3006EBDEB /* View */,
				BA8BC832230D1223006EBDEB /* Helpers */,
				BA8BC820230CEC96006EBDEB /* AppDelegate.swift */,
				BA8BC824230CEC96006EBDEB /* Main.storyboard */,
				BA8BC827230CEC97006EBDEB /* Assets.xcassets */,
				BA8BC829230CEC97006EBDEB /* LaunchScreen.storyboard */,
				BA8BC82C230CEC97006EBDEB /* Info.plist */,
			);
			path = Youtube;
			sourceTree = "<group>";
		};
		BA8BC832230D1223006EBDEB /* Helpers */ = {
			isa = PBXGroup;
			children = (
				BA8BC833230D1262006EBDEB /* Extensions.swift */,
			);
			path = Helpers;
			sourceTree = "<group>";
		};
		BA8BC835230D13D3006EBDEB /* View */ = {
			isa = PBXGroup;
			children = (
				BA8BC836230D13F4006EBDEB /* VideoCell.swift */,
				BA8BC83A230D22C1006EBDEB /* MenuBar.swift */,
			);
			path = View;
			sourceTree = "<group>";
		};
		BA8BC838230D1424006EBDEB /* Controller */ = {
			isa = PBXGroup;
			children = (
				BA8BC822230CEC96006EBDEB /* HomeController.swift */,
			);
			path = Controller;
			sourceTree = "<group>";
		};
		BA8BC83C230D878D006EBDEB /* Model */ = {
			isa = PBXGroup;
			children = (
				BA8BC83D230D87AA006EBDEB /* Video.swift */,
			);
			path = Model;
			sourceTree = "<group>";
		};
/* End PBXGroup section */

/* Begin PBXNativeTarget section */
		BA8BC81C230CEC96006EBDEB /* Youtube */ = {
			isa = PBXNativeTarget;
			buildConfigurationList = BA8BC82F230CEC97006EBDEB /* Build configuration list for PBXNativeTarget "Youtube" */;
			buildPhases = (
				BA8BC819230CEC96006EBDEB /* Sources */,
				BA8BC81A230CEC96006EBDEB /* Frameworks */,
				BA8BC81B230CEC96006EBDEB /* Resources */,
			);
			buildRules = (
			);
			dependencies = (
			);
			name = Youtube;
			productName = Youtube;
			productReference = BA8BC81D230CEC96006EBDEB /* Youtube.app */;
			productType = "com.apple.product-type.application";
		};
/* End PBXNativeTarget section */

/* Begin PBXProject section */
		BA8BC815230CEC96006EBDEB /* Project object */ = {
			isa = PBXProject;
			attributes = {
				LastSwiftUpdateCheck = 1030;
				LastUpgradeCheck = 1030;
				ORGANIZATIONNAME = "宋超";
				TargetAttributes = {
					BA8BC81C230CEC96006EBDEB = {
						CreatedOnToolsVersion = 10.3;
					};
				};
			};
			buildConfigurationList = BA8BC818230CEC96006EBDEB /* Build configuration list for PBXProject "Youtube" */;
			compatibilityVersion = "Xcode 9.3";
			developmentRegion = en;
			hasScannedForEncodings = 0;
			knownRegions = (
				en,
				Base,
			);
			mainGroup = BA8BC814230CEC96006EBDEB;
			productRefGroup = BA8BC81E230CEC96006EBDEB /* Products */;
			projectDirPath = "";
			projectRoot = "";
			targets = (
				BA8BC81C230CEC96006EBDEB /* Youtube */,
			);
		};
/* End PBXProject section */

/* Begin PBXResourcesBuildPhase section */
		BA8BC81B230CEC96006EBDEB /* Resources */ = {
			isa = PBXResourcesBuildPhase;
			buildActionMask = 2147483647;
			files = (
				BA8BC82B230CEC97006EBDEB /* LaunchScreen.storyboard in Resources */,
				BA8BC828230CEC97006EBDEB /* Assets.xcassets in Resources */,
				BA8BC826230CEC96006EBDEB /* Main.storyboard in Resources */,
			);
			runOnlyForDeploymentPostprocessing = 0;
		};
/* End PBXResourcesBuildPhase section */

/* Begin PBXSourcesBuildPhase section */
		BA8BC819230CEC96006EBDEB /* Sources */ = {
			isa = PBXSourcesBuildPhase;
			buildActionMask = 2147483647;
			files = (
				BA8BC823230CEC96006EBDEB /* HomeController.swift in Sources */,
				BA8BC83E230D87AA006EBDEB /* Video.swift in Sources */,
				BA8BC837230D13F4006EBDEB /* VideoCell.swift in Sources */,
				BA8BC834230D1262006EBDEB /* Extensions.swift in Sources */,
				BA8BC821230CEC96006EBDEB /* AppDelegate.swift in Sources */,
				BA8BC83B230D22C1006EBDEB /* MenuBar.swift in Sources */,
			);
			runOnlyForDeploymentPostprocessing = 0;
		};
/* End PBXSourcesBuildPhase section */

/* Begin PBXVariantGroup section */
		BA8BC824230CEC96006EBDEB /* Main.storyboard */ = {
			isa = PBXVariantGroup;
			children = (
				BA8BC825230CEC96006EBDEB /* Base */,
			);
			name = Main.storyboard;
			sourceTree = "<group>";
		};
		BA8BC829230CEC97006EBDEB /* LaunchScreen.storyboard */ = {
			isa = PBXVariantGroup;
			children = (
				BA8BC82A230CEC97006EBDEB /* Base */,
			);
			name = LaunchScreen.storyboard;
			sourceTree = "<group>";
		};
/* End PBXVariantGroup section */

/* Begin XCBuildConfiguration section */
		BA8BC82D230CEC97006EBDEB /* Debug */ = {
			isa = XCBuildConfiguration;
			buildSettings = {
				ALWAYS_SEARCH_USER_PATHS = NO;
				CLANG_ANALYZER_NONNULL = YES;
				CLANG_ANALYZER_NUMBER_OBJECT_CONVERSION = YES_AGGRESSIVE;
				CLANG_CXX_LANGUAGE_STANDARD = "gnu++14";
				CLANG_CXX_LIBRARY = "libc++";
				CLANG_ENABLE_MODULES = YES;
				CLANG_ENABLE_OBJC_ARC = YES;
				CLANG_ENABLE_OBJC_WEAK = YES;
				CLANG_WARN_BLOCK_CAPTURE_AUTORELEASING = YES;
				CLANG_WARN_BOOL_CONVERSION = YES;
				CLANG_WARN_COMMA = YES;
				CLANG_WARN_CONSTANT_CONVERSION = YES;
				CLANG_WARN_DEPRECATED_OBJC_IMPLEMENTATIONS = YES;
				CLANG_WARN_DIRECT_OBJC_ISA_USAGE = YES_ERROR;
				CLANG_WARN_DOCUMENTATION_COMMENTS = YES;
				CLANG_WARN_EMPTY_BODY = YES;
				CLANG_WARN_ENUM_CONVERSION = YES;
				CLANG_WARN_INFINITE_RECURSION = YES;
				CLANG_WARN_INT_CONVERSION = YES;
				CLANG_WARN_NON_LITERAL_NULL_CONVERSION = YES;
				CLANG_WARN_OBJC_IMPLICIT_RETAIN_SELF = YES;
				CLANG_WARN_OBJC_LITERAL_CONVERSION = YES;
				CLANG_WARN_OBJC_ROOT_CLASS = YES_ERROR;
				CLANG_WARN_RANGE_LOOP_ANALYSIS = YES;
				CLANG_WARN_STRICT_PROTOTYPES = YES;
				CLANG_WARN_SUSPICIOUS_MOVE = YES;
				CLANG_WARN_UNGUARDED_AVAILABILITY = YES_AGGRESSIVE;
				CLANG_WARN_UNREACHABLE_CODE = YES;
				CLANG_WARN__DUPLICATE_METHOD_MATCH = YES;
				CODE_SIGN_IDENTITY = "iPhone Developer";
				COPY_PHASE_STRIP = NO;
				DEBUG_INFORMATION_FORMAT = dwarf;
				ENABLE_STRICT_OBJC_MSGSEND = YES;
				ENABLE_TESTABILITY = YES;
				GCC_C_LANGUAGE_STANDARD = gnu11;
				GCC_DYNAMIC_NO_PIC = NO;
				GCC_NO_COMMON_BLOCKS = YES;
				GCC_OPTIMIZATION_LEVEL = 0;
				GCC_PREPROCESSOR_DEFINITIONS = (
					"DEBUG=1",
					"$(inherited)",
				);
				GCC_WARN_64_TO_32_BIT_CONVERSION = YES;
				GCC_WARN_ABOUT_RETURN_TYPE = YES_ERROR;
				GCC_WARN_UNDECLARED_SELECTOR = YES;
				GCC_WARN_UNINITIALIZED_AUTOS = YES_AGGRESSIVE;
				GCC_WARN_UNUSED_FUNCTION = YES;
				GCC_WARN_UNUSED_VARIABLE = YES;
				IPHONEOS_DEPLOYMENT_TARGET = 12.4;
				MTL_ENABLE_DEBUG_INFO = INCLUDE_SOURCE;
				MTL_FAST_MATH = YES;
				ONLY_ACTIVE_ARCH = YES;
				SDKROOT = iphoneos;
				SWIFT_ACTIVE_COMPILATION_CONDITIONS = DEBUG;
				SWIFT_OPTIMIZATION_LEVEL = "-Onone";
			};
			name = Debug;
		};
		BA8BC82E230CEC97006EBDEB /* Release */ = {
			isa = XCBuildConfiguration;
			buildSettings = {
				ALWAYS_SEARCH_USER_PATHS = NO;
				CLANG_ANALYZER_NONNULL = YES;
				CLANG_ANALYZER_NUMBER_OBJECT_CONVERSION = YES_AGGRESSIVE;
				CLANG_CXX_LANGUAGE_STANDARD = "gnu++14";
				CLANG_CXX_LIBRARY = "libc++";
				CLANG_ENABLE_MODULES = YES;
				CLANG_ENABLE_OBJC_ARC = YES;
				CLANG_ENABLE_OBJC_WEAK = YES;
				CLANG_WARN_BLOCK_CAPTURE_AUTORELEASING = YES;
				CLANG_WARN_BOOL_CONVERSION = YES;
				CLANG_WARN_COMMA = YES;
				CLANG_WARN_CONSTANT_CONVERSION = YES;
				CLANG_WARN_DEPRECATED_OBJC_IMPLEMENTATIONS = YES;
				CLANG_WARN_DIRECT_OBJC_ISA_USAGE = YES_ERROR;
				CLANG_WARN_DOCUMENTATION_COMMENTS = YES;
				CLANG_WARN_EMPTY_BODY = YES;
				CLANG_WARN_ENUM_CONVERSION = YES;
				CLANG_WARN_INFINITE_RECURSION = YES;
				CLANG_WARN_INT_CONVERSION = YES;
				CLANG_WARN_NON_LITERAL_NULL_CONVERSION = YES;
				CLANG_WARN_OBJC_IMPLICIT_RETAIN_SELF = YES;
				CLANG_WARN_OBJC_LITERAL_CONVERSION = YES;
				CLANG_WARN_OBJC_ROOT_CLASS = YES_ERROR;
				CLANG_WARN_RANGE_LOOP_ANALYSIS = YES;
				CLANG_WARN_STRICT_PROTOTYPES = YES;
				CLANG_WARN_SUSPICIOUS_MOVE = YES;
				CLANG_WARN_UNGUARDED_AVAILABILITY = YES_AGGRESSIVE;
				CLANG_WARN_UNREACHABLE_CODE = YES;
				CLANG_WARN__DUPLICATE_METHOD_MATCH = YES;
				CODE_SIGN_IDENTITY = "iPhone Developer";
				COPY_PHASE_STRIP = NO;
				DEBUG_INFORMATION_FORMAT = "dwarf-with-dsym";
				ENABLE_NS_ASSERTIONS = NO;
				ENABLE_STRICT_OBJC_MSGSEND = YES;
				GCC_C_LANGUAGE_STANDARD = gnu11;
				GCC_NO_COMMON_BLOCKS = YES;
				GCC_WARN_64_TO_32_BIT_CONVERSION = YES;
				GCC_WARN_ABOUT_RETURN_TYPE = YES_ERROR;
				GCC_WARN_UNDECLARED_SELECTOR = YES;
				GCC_WARN_UNINITIALIZED_AUTOS = YES_AGGRESSIVE;
				GCC_WARN_UNUSED_FUNCTION = YES;
				GCC_WARN_UNUSED_VARIABLE = YES;
				IPHONEOS_DEPLOYMENT_TARGET = 12.4;
				MTL_ENABLE_DEBUG_INFO = NO;
				MTL_FAST_MATH = YES;
				SDKROOT = iphoneos;
				SWIFT_COMPILATION_MODE = wholemodule;
				SWIFT_OPTIMIZATION_LEVEL = "-O";
				VALIDATE_PRODUCT = YES;
			};
			name = Release;
		};
		BA8BC830230CEC97006EBDEB /* Debug */ = {
			isa = XCBuildConfiguration;
			buildSettings = {
				ASSETCATALOG_COMPILER_APPICON_NAME = AppIcon;
				CODE_SIGN_STYLE = Automatic;
				INFOPLIST_FILE = Youtube/Info.plist;
				LD_RUNPATH_SEARCH_PATHS = (
					"$(inherited)",
					"@executable_path/Frameworks",
				);
				PRODUCT_BUNDLE_IDENTIFIER = com.coraysong.cn.Youtube;
				PRODUCT_NAME = "$(TARGET_NAME)";
				SWIFT_VERSION = 5.0;
				TARGETED_DEVICE_FAMILY = "1,2";
			};
			name = Debug;
		};
		BA8BC831230CEC97006EBDEB /* Release */ = {
			isa = XCBuildConfiguration;
			buildSettings = {
				ASSETCATALOG_COMPILER_APPICON_NAME = AppIcon;
				CODE_SIGN_STYLE = Automatic;
				INFOPLIST_FILE = Youtube/Info.plist;
				LD_RUNPATH_SEARCH_PATHS = (
					"$(inherited)",
					"@executable_path/Frameworks",
				);
				PRODUCT_BUNDLE_IDENTIFIER = com.coraysong.cn.Youtube;
				PRODUCT_NAME = "$(TARGET_NAME)";
				SWIFT_VERSION = 5.0;
				TARGETED_DEVICE_FAMILY = "1,2";
			};
			name = Release;
		};
/* End XCBuildConfiguration section */

/* Begin XCConfigurationList section */
		BA8BC818230CEC96006EBDEB /* Build configuration list for PBXProject "Youtube" */ = {
			isa = XCConfigurationList;
			buildConfigurations = (
				BA8BC82D230CEC97006EBDEB /* Debug */,
				BA8BC82E230CEC97006EBDEB /* Release */,
			);
			defaultConfigurationIsVisible = 0;
			defaultConfigurationName = Release;
		};
		BA8BC82F230CEC97006EBDEB /* Build configuration list for PBXNativeTarget "Youtube" */ = {
			isa = XCConfigurationList;
			buildConfigurations = (
				BA8BC830230CEC97006EBDEB /* Debug */,
				BA8BC831230CEC97006EBDEB /* Release */,
			);
			defaultConfigurationIsVisible = 0;
			defaultConfigurationName = Release;
		};
/* End XCConfigurationList section */
	};
	rootObject = BA8BC815230CEC96006EBDEB /* Project object */;
}
